
Microsoft Visual Studio Solution File, Format Version 12.00
Project("{FAE04EC0-301F-11D3-BF4B-00C04F79EFBC}") = "TabuSearch_Scramble", "TabuSearch_Scramble\TabuSearch_Scramble.csproj", "{3E2A3CC7-B1C5-4F34-9D3E-CB65985C094D}"
EndProject
Global
	GlobalSection(SolutionConfigurationPlatforms) = preSolution
		Debug|Any CPU = Debug|Any CPU
		Release|Any CPU = Release|Any CPU
	EndGlobalSection
	GlobalSection(ProjectConfigurationPlatforms) = postSolution
		{3E2A3CC7-B1C5-4F34-9D3E-CB65985C094D}.Debug|Any CPU.ActiveCfg = Debug|Any CPU
		{3E2A3CC7-B1C5-4F34-9D3E-CB65985C094D}.Debug|Any CPU.Build.0 = Debug|Any CPU
		{3E2A3CC7-B1C5-4F34-9D3E-CB65985C094D}.Release|Any CPU.ActiveCfg = Release|Any CPU
		{3E2A3CC7-B1C5-4F34-9D3E-CB65985C094D}.Release|Any CPU.Build.0 = Release|Any CPU
	EndGlobalSection
EndGlobal
